
Microsoft Visual Studio Solution File, Format Version 12.00
# Visual Studio Version 17
VisualStudioVersion = 17.4.33103.184
MinimumVisualStudioVersion = 10.0.40219.1
Project("{FAE04EC0-301F-11D3-BF4B-00C04F79EFBC}") = "DogApp.Api", "DogApp.Api\DogApp.Api.csproj", "{4C19AF09-0D2F-4A35-9588-11932B801700}"
EndProject
Project("{FAE04EC0-301F-11D3-BF4B-00C04F79EFBC}") = "DogApp.Domain", "DogApp.Domain\DogApp.Domain.csproj", "{B1F62C64-E33A-44F9-8F56-471BE9DD3569}"
EndProject
Project("{FAE04EC0-301F-11D3-BF4B-00C04F79EFBC}") = "DogApp.Іnfrastructure", "DogApp.Іnfrastructure\DogApp.Іnfrastructure.csproj", "{6ED414F4-6D2A-4917-A60F-472FB55F2451}"
EndProject
Project("{FAE04EC0-301F-11D3-BF4B-00C04F79EFBC}") = "DogApp.Application", "DogApp.Application\DogApp.Application.csproj", "{FDF43702-15DF-4A8F-83EE-9CCF287D3C0D}"
EndProject
Global
	GlobalSection(SolutionConfigurationPlatforms) = preSolution
		Debug|Any CPU = Debug|Any CPU
		Release|Any CPU = Release|Any CPU
	EndGlobalSection
	GlobalSection(ProjectConfigurationPlatforms) = postSolution
		{4C19AF09-0D2F-4A35-9588-11932B801700}.Debug|Any CPU.ActiveCfg = Debug|Any CPU
		{4C19AF09-0D2F-4A35-9588-11932B801700}.Debug|Any CPU.Build.0 = Debug|Any CPU
		{4C19AF09-0D2F-4A35-9588-11932B801700}.Release|Any CPU.ActiveCfg = Release|Any CPU
		{4C19AF09-0D2F-4A35-9588-11932B801700}.Release|Any CPU.Build.0 = Release|Any CPU
		{B1F62C64-E33A-44F9-8F56-471BE9DD3569}.Debug|Any CPU.ActiveCfg = Debug|Any CPU
		{B1F62C64-E33A-44F9-8F56-471BE9DD3569}.Debug|Any CPU.Build.0 = Debug|Any CPU
		{B1F62C64-E33A-44F9-8F56-471BE9DD3569}.Release|Any CPU.ActiveCfg = Release|Any CPU
		{B1F62C64-E33A-44F9-8F56-471BE9DD3569}.Release|Any CPU.Build.0 = Release|Any CPU
		{6ED414F4-6D2A-4917-A60F-472FB55F2451}.Debug|Any CPU.ActiveCfg = Debug|Any CPU
		{6ED414F4-6D2A-4917-A60F-472FB55F2451}.Debug|Any CPU.Build.0 = Debug|Any CPU
		{6ED414F4-6D2A-4917-A60F-472FB55F2451}.Release|Any CPU.ActiveCfg = Release|Any CPU
		{6ED414F4-6D2A-4917-A60F-472FB55F2451}.Release|Any CPU.Build.0 = Release|Any CPU
		{FDF43702-15DF-4A8F-83EE-9CCF287D3C0D}.Debug|Any CPU.ActiveCfg = Debug|Any CPU
		{FDF43702-15DF-4A8F-83EE-9CCF287D3C0D}.Debug|Any CPU.Build.0 = Debug|Any CPU
		{FDF43702-15DF-4A8F-83EE-9CCF287D3C0D}.Release|Any CPU.ActiveCfg = Release|Any CPU
		{FDF43702-15DF-4A8F-83EE-9CCF287D3C0D}.Release|Any CPU.Build.0 = Release|Any CPU
	EndGlobalSection
	GlobalSection(SolutionProperties) = preSolution
		HideSolutionNode = FALSE
	EndGlobalSection
	GlobalSection(ExtensibilityGlobals) = postSolution
		SolutionGuid = {0706A440-F614-4579-B379-13C20CDB3C51}
	EndGlobalSection
EndGlobal
